
Microsoft Visual Studio Solution File, Format Version 12.00
# Visual Studio Version 16
VisualStudioVersion = 16.0.29709.97
MinimumVisualStudioVersion = 10.0.40219.1
Project("{FAE04EC0-301F-11D3-BF4B-00C04F79EFBC}") = "Ejercicio 12.1", "Ejercicio 12.1\Ejercicio 12.1.csproj", "{0C6C35F9-1824-4BEE-AB91-E470C316E935}"
EndProject
Project("{FAE04EC0-301F-11D3-BF4B-00C04F79EFBC}") = "Ejercicio 12.2", "Ejercicio 12.2\Ejercicio 12.2.csproj", "{FFC328AE-C9F9-4020-862D-8D929DFF8CB8}"
EndProject
Global
	GlobalSection(SolutionConfigurationPlatforms) = preSolution
		Debug|Any CPU = Debug|Any CPU
		Release|Any CPU = Release|Any CPU
	EndGlobalSection
	GlobalSection(ProjectConfigurationPlatforms) = postSolution
		{0C6C35F9-1824-4BEE-AB91-E470C316E935}.Debug|Any CPU.ActiveCfg = Debug|Any CPU
		{0C6C35F9-1824-4BEE-AB91-E470C316E935}.Debug|Any CPU.Build.0 = Debug|Any CPU
		{0C6C35F9-1824-4BEE-AB91-E470C316E935}.Release|Any CPU.ActiveCfg = Release|Any CPU
		{0C6C35F9-1824-4BEE-AB91-E470C316E935}.Release|Any CPU.Build.0 = Release|Any CPU
		{FFC328AE-C9F9-4020-862D-8D929DFF8CB8}.Debug|Any CPU.ActiveCfg = Debug|Any CPU
		{FFC328AE-C9F9-4020-862D-8D929DFF8CB8}.Debug|Any CPU.Build.0 = Debug|Any CPU
		{FFC328AE-C9F9-4020-862D-8D929DFF8CB8}.Release|Any CPU.ActiveCfg = Release|Any CPU
		{FFC328AE-C9F9-4020-862D-8D929DFF8CB8}.Release|Any CPU.Build.0 = Release|Any CPU
	EndGlobalSection
	GlobalSection(SolutionProperties) = preSolution
		HideSolutionNode = FALSE
	EndGlobalSection
	GlobalSection(ExtensibilityGlobals) = postSolution
		SolutionGuid = {3DB6255D-ED35-4380-B8B7-72C8C380104B}
	EndGlobalSection
EndGlobal
